
Microsoft Visual Studio Solution File, Format Version 12.00
# Visual Studio Version 16
VisualStudioVersion = 16.0.30907.101
MinimumVisualStudioVersion = 10.0.40219.1
Project("{8BC9CEB8-8B4A-11D0-8D11-00A0C91BC942}") = "IanJect", "IanJect.vcxproj", "{A0EDD2AC-09C4-46E4-88D7-9B369952317C}"
EndProject
Global
	GlobalSection(SolutionConfigurationPlatforms) = preSolution
		Debug|x64 = Debug|x64
		Debug|x86 = Debug|x86
		Release|x64 = Release|x64
		Release|x86 = Release|x86
	EndGlobalSection
	GlobalSection(ProjectConfigurationPlatforms) = postSolution
		{A0EDD2AC-09C4-46E4-88D7-9B369952317C}.Debug|x64.ActiveCfg = Debug|x64
		{A0EDD2AC-09C4-46E4-88D7-9B369952317C}.Debug|x64.Build.0 = Debug|x64
		{A0EDD2AC-09C4-46E4-88D7-9B369952317C}.Debug|x86.ActiveCfg = Debug|Win32
		{A0EDD2AC-09C4-46E4-88D7-9B369952317C}.Debug|x86.Build.0 = Debug|Win32
		{A0EDD2AC-09C4-46E4-88D7-9B369952317C}.Release|x64.ActiveCfg = Release|x64
		{A0EDD2AC-09C4-46E4-88D7-9B369952317C}.Release|x64.Build.0 = Release|x64
		{A0EDD2AC-09C4-46E4-88D7-9B369952317C}.Release|x86.ActiveCfg = Release|Win32
		{A0EDD2AC-09C4-46E4-88D7-9B369952317C}.Release|x86.Build.0 = Release|Win32
	EndGlobalSection
	GlobalSection(SolutionProperties) = preSolution
		HideSolutionNode = FALSE
	EndGlobalSection
	GlobalSection(ExtensibilityGlobals) = postSolution
		SolutionGuid = {9A905BA2-156D-40E5-81B7-1582592B18C4}
	EndGlobalSection
EndGlobal
